
Microsoft Visual Studio Solution File, Format Version 12.00
# Visual Studio Version 17
VisualStudioVersion = 17.0.31903.59
MinimumVisualStudioVersion = 10.0.40219.1
Project("{FAE04EC0-301F-11D3-BF4B-00C04F79EFBC}") = "DesignPatternsApp", "DesignPatternsApp\DesignPatternsApp.csproj", "{31F97646-B8FB-48FD-8C19-B665F14A06C1}"
EndProject
Project("{FAE04EC0-301F-11D3-BF4B-00C04F79EFBC}") = "DesignPatternsTests", "DesignPatternsTests\DesignPatternsTests.csproj", "{3765DEC4-532E-4823-806B-F0E2FAE36606}"
EndProject
Global
	GlobalSection(SolutionConfigurationPlatforms) = preSolution
		Debug|Any CPU = Debug|Any CPU
		Release|Any CPU = Release|Any CPU
	EndGlobalSection
	GlobalSection(SolutionProperties) = preSolution
		HideSolutionNode = FALSE
	EndGlobalSection
	GlobalSection(ProjectConfigurationPlatforms) = postSolution
		{31F97646-B8FB-48FD-8C19-B665F14A06C1}.Debug|Any CPU.ActiveCfg = Debug|Any CPU
		{31F97646-B8FB-48FD-8C19-B665F14A06C1}.Debug|Any CPU.Build.0 = Debug|Any CPU
		{31F97646-B8FB-48FD-8C19-B665F14A06C1}.Release|Any CPU.ActiveCfg = Release|Any CPU
		{31F97646-B8FB-48FD-8C19-B665F14A06C1}.Release|Any CPU.Build.0 = Release|Any CPU
		{3765DEC4-532E-4823-806B-F0E2FAE36606}.Debug|Any CPU.ActiveCfg = Debug|Any CPU
		{3765DEC4-532E-4823-806B-F0E2FAE36606}.Debug|Any CPU.Build.0 = Debug|Any CPU
		{3765DEC4-532E-4823-806B-F0E2FAE36606}.Release|Any CPU.ActiveCfg = Release|Any CPU
		{3765DEC4-532E-4823-806B-F0E2FAE36606}.Release|Any CPU.Build.0 = Release|Any CPU
	EndGlobalSection
EndGlobal
